
Microsoft Visual Studio Solution File, Format Version 12.00
# Visual Studio Version 16
VisualStudioVersion = 16.0.30611.23
MinimumVisualStudioVersion = 10.0.40219.1
Project("{9A19103F-16F7-4668-BE54-9A1E7A4F7556}") = "QLTBSaoDo.WebApp", "QLTBSaoDo.WebApp\QLTBSaoDo.WebApp.csproj", "{662F7007-D9B6-4BDC-9055-B4CD6307C0AF}"
EndProject
Project("{9A19103F-16F7-4668-BE54-9A1E7A4F7556}") = "QLTBSaoDo.Data", "QLTBSaoDo.Data\QLTBSaoDo.Data.csproj", "{94590593-462F-42D9-9B0A-E31499F67DD5}"
EndProject
Project("{9A19103F-16F7-4668-BE54-9A1E7A4F7556}") = "QLTBSaoDo.Application", "QLTBSaoDo.Application\QLTBSaoDo.Application.csproj", "{CABD2951-AE42-4D29-A115-97AFDB14A44A}"
EndProject
Project("{FAE04EC0-301F-11D3-BF4B-00C04F79EFBC}") = "QLTBSaoDo.ViewModels", "QLTBSaoDo.ViewModels\QLTBSaoDo.ViewModels.csproj", "{CF4E6E93-B2DB-4FC2-809A-7014BCA3DFD4}"
EndProject
Global
	GlobalSection(SolutionConfigurationPlatforms) = preSolution
		Debug|Any CPU = Debug|Any CPU
		Release|Any CPU = Release|Any CPU
	EndGlobalSection
	GlobalSection(ProjectConfigurationPlatforms) = postSolution
		{662F7007-D9B6-4BDC-9055-B4CD6307C0AF}.Debug|Any CPU.ActiveCfg = Debug|Any CPU
		{662F7007-D9B6-4BDC-9055-B4CD6307C0AF}.Debug|Any CPU.Build.0 = Debug|Any CPU
		{662F7007-D9B6-4BDC-9055-B4CD6307C0AF}.Release|Any CPU.ActiveCfg = Release|Any CPU
		{662F7007-D9B6-4BDC-9055-B4CD6307C0AF}.Release|Any CPU.Build.0 = Release|Any CPU
		{94590593-462F-42D9-9B0A-E31499F67DD5}.Debug|Any CPU.ActiveCfg = Debug|Any CPU
		{94590593-462F-42D9-9B0A-E31499F67DD5}.Debug|Any CPU.Build.0 = Debug|Any CPU
		{94590593-462F-42D9-9B0A-E31499F67DD5}.Release|Any CPU.ActiveCfg = Release|Any CPU
		{94590593-462F-42D9-9B0A-E31499F67DD5}.Release|Any CPU.Build.0 = Release|Any CPU
		{CABD2951-AE42-4D29-A115-97AFDB14A44A}.Debug|Any CPU.ActiveCfg = Debug|Any CPU
		{CABD2951-AE42-4D29-A115-97AFDB14A44A}.Debug|Any CPU.Build.0 = Debug|Any CPU
		{CABD2951-AE42-4D29-A115-97AFDB14A44A}.Release|Any CPU.ActiveCfg = Release|Any CPU
		{CABD2951-AE42-4D29-A115-97AFDB14A44A}.Release|Any CPU.Build.0 = Release|Any CPU
		{CF4E6E93-B2DB-4FC2-809A-7014BCA3DFD4}.Debug|Any CPU.ActiveCfg = Debug|Any CPU
		{CF4E6E93-B2DB-4FC2-809A-7014BCA3DFD4}.Debug|Any CPU.Build.0 = Debug|Any CPU
		{CF4E6E93-B2DB-4FC2-809A-7014BCA3DFD4}.Release|Any CPU.ActiveCfg = Release|Any CPU
		{CF4E6E93-B2DB-4FC2-809A-7014BCA3DFD4}.Release|Any CPU.Build.0 = Release|Any CPU
	EndGlobalSection
	GlobalSection(SolutionProperties) = preSolution
		HideSolutionNode = FALSE
	EndGlobalSection
	GlobalSection(ExtensibilityGlobals) = postSolution
		SolutionGuid = {3F6203CA-AA30-4C36-98DB-59A1410F2BE7}
	EndGlobalSection
EndGlobal
